
Microsoft Visual Studio Solution File, Format Version 12.00
# Visual Studio Version 17
VisualStudioVersion = 17.10.35004.147
MinimumVisualStudioVersion = 10.0.40219.1
Project("{8BC9CEB8-8B4A-11D0-8D11-00A0C91BC942}") = "掌握C++的左值引用和初识右值引用", "掌握C++的左值引用和初识右值引用.vcxproj", "{1F3752B2-0734-4326-B921-5FBF028E24BA}"
EndProject
Global
	GlobalSection(SolutionConfigurationPlatforms) = preSolution
		Debug|x64 = Debug|x64
		Debug|x86 = Debug|x86
		Release|x64 = Release|x64
		Release|x86 = Release|x86
	EndGlobalSection
	GlobalSection(ProjectConfigurationPlatforms) = postSolution
		{1F3752B2-0734-4326-B921-5FBF028E24BA}.Debug|x64.ActiveCfg = Debug|x64
		{1F3752B2-0734-4326-B921-5FBF028E24BA}.Debug|x64.Build.0 = Debug|x64
		{1F3752B2-0734-4326-B921-5FBF028E24BA}.Debug|x86.ActiveCfg = Debug|Win32
		{1F3752B2-0734-4326-B921-5FBF028E24BA}.Debug|x86.Build.0 = Debug|Win32
		{1F3752B2-0734-4326-B921-5FBF028E24BA}.Release|x64.ActiveCfg = Release|x64
		{1F3752B2-0734-4326-B921-5FBF028E24BA}.Release|x64.Build.0 = Release|x64
		{1F3752B2-0734-4326-B921-5FBF028E24BA}.Release|x86.ActiveCfg = Release|Win32
		{1F3752B2-0734-4326-B921-5FBF028E24BA}.Release|x86.Build.0 = Release|Win32
	EndGlobalSection
	GlobalSection(SolutionProperties) = preSolution
		HideSolutionNode = FALSE
	EndGlobalSection
	GlobalSection(ExtensibilityGlobals) = postSolution
		SolutionGuid = {555C7B19-FB9E-440A-A855-D4E4A9116CBE}
	EndGlobalSection
EndGlobal
